{
  "name": "@inventsable/panelify",
  "version": "1.0.0",
  "lockfileVersion": 1,
  "requires": true,
  "dependencies": {
    "starlette": {
      "version": "0.3.5",
      "resolved": "https://registry.npmjs.org/starlette/-/starlette-0.3.5.tgz",
      "integrity": "sha512-yvMz8zo0YP4xk676H3aKENrRNYuAoRQ9McJ6F/u/Pcb663S4HJiMU+biRxr63ml3Ww+pXWKTC4FIsm1Ta2DdgQ=="
    }
  }
}
