{
  "name": "panelify",
  "version": "1.0.0",
  "lockfileVersion": 1,
  "requires": true,
  "dependencies": {
    "starlette": {
      "version": "0.3.3",
      "resolved": "https://registry.npmjs.org/starlette/-/starlette-0.3.3.tgz",
      "integrity": "sha512-f7u1BxA3Krg/LJpFVOCbJaQWXy3dGAo8fJBPE7ouhIM0fsjOaL5/vrSLzigb31giWpgPFmhfQpMDKqgoxLftjQ=="
    }
  }
}
